// !$*UTF8*$!
{
	archiveVersion = 1;
	classes = {
	};
	objectVersion = 46;
	objects = {

/* Begin PBXBuildFile section */
		47404D3A56C525CD2B39CDB0 /* Pods_CombineCocoaKit_Tests.framework in Frameworks */ = {isa = PBXBuildFile; fileRef = 314648A5695BDEA0FF7E6B74 /* Pods_CombineCocoaKit_Tests.framework */; };
		607FACD61AFB9204008FA782 /* AppDelegate.swift in Sources */ = {isa = PBXBuildFile; fileRef = 607FACD51AFB9204008FA782 /* AppDelegate.swift */; };
		607FACD81AFB9204008FA782 /* ViewController.swift in Sources */ = {isa = PBXBuildFile; fileRef = 607FACD71AFB9204008FA782 /* ViewController.swift */; };
		607FACDB1AFB9204008FA782 /* Main.storyboard in Resources */ = {isa = PBXBuildFile; fileRef = 607FACD91AFB9204008FA782 /* Main.storyboard */; };
		7B5F3AD52D255C4C0067258B /* DefaultImplementations.swift in Sources */ = {isa = PBXBuildFile; fileRef = 7B5F3AC62D255C4C0067258B /* DefaultImplementations.swift */; };
		7B5F3AD62D255C4C0067258B /* GithubSignupViewModel1.swift in Sources */ = {isa = PBXBuildFile; fileRef = 7B5F3AC82D255C4C0067258B /* GithubSignupViewModel1.swift */; };
		7B5F3AD72D255C4C0067258B /* ImagePickerController.swift in Sources */ = {isa = PBXBuildFile; fileRef = 7B5F3AC12D255C4C0067258B /* ImagePickerController.swift */; };
		7B5F3AD82D255C4C0067258B /* Protocols.swift in Sources */ = {isa = PBXBuildFile; fileRef = 7B5F3AC92D255C4C0067258B /* Protocols.swift */; };
		7B5F3AD92D255C4C0067258B /* TestImageViewController.swift in Sources */ = {isa = PBXBuildFile; fileRef = 7B5F3ACF2D255C4C0067258B /* TestImageViewController.swift */; };
		7B5F3ADA2D255C4C0067258B /* TestDatePickerViewController.swift in Sources */ = {isa = PBXBuildFile; fileRef = 7B5F3ACD2D255C4C0067258B /* TestDatePickerViewController.swift */; };
		7B5F3ADB2D255C4C0067258B /* TestWebViewController.swift in Sources */ = {isa = PBXBuildFile; fileRef = 7B5F3AD42D255C4C0067258B /* TestWebViewController.swift */; };
		7B5F3ADC2D255C4C0067258B /* LoginViewModel.swift in Sources */ = {isa = PBXBuildFile; fileRef = 7B5F3AC32D255C4C0067258B /* LoginViewModel.swift */; };
		7B5F3ADD2D255C4C0067258B /* TestPickerViewController.swift in Sources */ = {isa = PBXBuildFile; fileRef = 7B5F3AD02D255C4C0067258B /* TestPickerViewController.swift */; };
		7B5F3ADE2D255C4C0067258B /* TestTextViewController.swift in Sources */ = {isa = PBXBuildFile; fileRef = 7B5F3AD22D255C4C0067258B /* TestTextViewController.swift */; };
		7B5F3ADF2D255C4C0067258B /* SceneDelegate.swift in Sources */ = {isa = PBXBuildFile; fileRef = 7B5F3AC42D255C4C0067258B /* SceneDelegate.swift */; };
		7B5F3AE02D255C4C0067258B /* TableViewController.swift in Sources */ = {isa = PBXBuildFile; fileRef = 7B5F3ACC2D255C4C0067258B /* TableViewController.swift */; };
		7B5F3AE12D255C4C0067258B /* ScrollViewTestViewController.swift in Sources */ = {isa = PBXBuildFile; fileRef = 7B5F3AC52D255C4C0067258B /* ScrollViewTestViewController.swift */; };
		7B5F3AE22D255C4C0067258B /* TestUIControlViewController.swift in Sources */ = {isa = PBXBuildFile; fileRef = 7B5F3AD32D255C4C0067258B /* TestUIControlViewController.swift */; };
		7B5F3AE32D255C4C0067258B /* GitHubSignupViewController1.swift in Sources */ = {isa = PBXBuildFile; fileRef = 7B5F3AC72D255C4C0067258B /* GitHubSignupViewController1.swift */; };
		7B5F3AE42D255C4C0067258B /* Singleton.swift in Sources */ = {isa = PBXBuildFile; fileRef = 7B5F3ACB2D255C4C0067258B /* Singleton.swift */; };
		7B5F3AE52D255C4C0067258B /* TestGestureViewController.swift in Sources */ = {isa = PBXBuildFile; fileRef = 7B5F3ACE2D255C4C0067258B /* TestGestureViewController.swift */; };
		7B5F3AE62D255C4C0067258B /* TestPublisherViewController.swift in Sources */ = {isa = PBXBuildFile; fileRef = 7B5F3AD12D255C4C0067258B /* TestPublisherViewController.swift */; };
		7B5F3AE72D255C4C0067258B /* Assets.xcassets in Resources */ = {isa = PBXBuildFile; fileRef = 7B5F3AC02D255C4C0067258B /* Assets.xcassets */; };
		7B5F3AE82D255C4C0067258B /* LaunchScreen.storyboard in Resources */ = {isa = PBXBuildFile; fileRef = 7B5F3AC22D255C4C0067258B /* LaunchScreen.storyboard */; };
		AD081F55EDEEF4334F15C9E2 /* Pods_CombineCocoaKit_Example.framework in Frameworks */ = {isa = PBXBuildFile; fileRef = 4253E6C183974FBC113714C0 /* Pods_CombineCocoaKit_Example.framework */; };
/* End PBXBuildFile section */

/* Begin PBXContainerItemProxy section */
		607FACE61AFB9204008FA782 /* PBXContainerItemProxy */ = {
			isa = PBXContainerItemProxy;
			containerPortal = 607FACC81AFB9204008FA782 /* Project object */;
			proxyType = 1;
			remoteGlobalIDString = 607FACCF1AFB9204008FA782;
			remoteInfo = CombineCocoaKit;
		};
/* End PBXContainerItemProxy section */

/* Begin PBXFileReference section */
		0727061C399CEC2F50C40E60 /* Pods-CombineCocoaKit_Example.debug.xcconfig */ = {isa = PBXFileReference; includeInIndex = 1; lastKnownFileType = text.xcconfig; name = "Pods-CombineCocoaKit_Example.debug.xcconfig"; path = "Target Support Files/Pods-CombineCocoaKit_Example/Pods-CombineCocoaKit_Example.debug.xcconfig"; sourceTree = "<group>"; };
		314648A5695BDEA0FF7E6B74 /* Pods_CombineCocoaKit_Tests.framework */ = {isa = PBXFileReference; explicitFileType = wrapper.framework; includeInIndex = 0; path = Pods_CombineCocoaKit_Tests.framework; sourceTree = BUILT_PRODUCTS_DIR; };
		4253E6C183974FBC113714C0 /* Pods_CombineCocoaKit_Example.framework */ = {isa = PBXFileReference; explicitFileType = wrapper.framework; includeInIndex = 0; path = Pods_CombineCocoaKit_Example.framework; sourceTree = BUILT_PRODUCTS_DIR; };
		4B471C5DF9616E03EE7317CC /* Pods-CombineCocoaKit_Tests.release.xcconfig */ = {isa = PBXFileReference; includeInIndex = 1; lastKnownFileType = text.xcconfig; name = "Pods-CombineCocoaKit_Tests.release.xcconfig"; path = "Target Support Files/Pods-CombineCocoaKit_Tests/Pods-CombineCocoaKit_Tests.release.xcconfig"; sourceTree = "<group>"; };
		54AFE8C7A26543566D5765E4 /* README.md */ = {isa = PBXFileReference; includeInIndex = 1; lastKnownFileType = net.daringfireball.markdown; name = README.md; path = ../README.md; sourceTree = "<group>"; };
		607FACD01AFB9204008FA782 /* CombineCocoaKit_Example.app */ = {isa = PBXFileReference; explicitFileType = wrapper.application; includeInIndex = 0; path = CombineCocoaKit_Example.app; sourceTree = BUILT_PRODUCTS_DIR; };
		607FACD41AFB9204008FA782 /* Info.plist */ = {isa = PBXFileReference; lastKnownFileType = text.plist.xml; path = Info.plist; sourceTree = "<group>"; };
		607FACD51AFB9204008FA782 /* AppDelegate.swift */ = {isa = PBXFileReference; lastKnownFileType = sourcecode.swift; path = AppDelegate.swift; sourceTree = "<group>"; };
		607FACD71AFB9204008FA782 /* ViewController.swift */ = {isa = PBXFileReference; lastKnownFileType = sourcecode.swift; path = ViewController.swift; sourceTree = "<group>"; };
		607FACDA1AFB9204008FA782 /* Base */ = {isa = PBXFileReference; lastKnownFileType = file.storyboard; name = Base; path = Base.lproj/Main.storyboard; sourceTree = "<group>"; };
		607FACE51AFB9204008FA782 /* CombineCocoaKit_Tests.xctest */ = {isa = PBXFileReference; explicitFileType = wrapper.cfbundle; includeInIndex = 0; path = CombineCocoaKit_Tests.xctest; sourceTree = BUILT_PRODUCTS_DIR; };
		607FACEA1AFB9204008FA782 /* Info.plist */ = {isa = PBXFileReference; lastKnownFileType = text.plist.xml; path = Info.plist; sourceTree = "<group>"; };
		6B34D7ABB304B68F486F76D8 /* CombineCocoaKit.podspec */ = {isa = PBXFileReference; includeInIndex = 1; lastKnownFileType = text; name = CombineCocoaKit.podspec; path = ../CombineCocoaKit.podspec; sourceTree = "<group>"; };
		7B5F3AC02D255C4C0067258B /* Assets.xcassets */ = {isa = PBXFileReference; lastKnownFileType = folder.assetcatalog; path = Assets.xcassets; sourceTree = "<group>"; };
		7B5F3AC12D255C4C0067258B /* ImagePickerController.swift */ = {isa = PBXFileReference; lastKnownFileType = sourcecode.swift; path = ImagePickerController.swift; sourceTree = "<group>"; };
		7B5F3AC22D255C4C0067258B /* LaunchScreen.storyboard */ = {isa = PBXFileReference; lastKnownFileType = file.storyboard; path = LaunchScreen.storyboard; sourceTree = "<group>"; };
		7B5F3AC32D255C4C0067258B /* LoginViewModel.swift */ = {isa = PBXFileReference; lastKnownFileType = sourcecode.swift; path = LoginViewModel.swift; sourceTree = "<group>"; };
		7B5F3AC42D255C4C0067258B /* SceneDelegate.swift */ = {isa = PBXFileReference; lastKnownFileType = sourcecode.swift; path = SceneDelegate.swift; sourceTree = "<group>"; };
		7B5F3AC52D255C4C0067258B /* ScrollViewTestViewController.swift */ = {isa = PBXFileReference; lastKnownFileType = sourcecode.swift; path = ScrollViewTestViewController.swift; sourceTree = "<group>"; };
		7B5F3AC62D255C4C0067258B /* DefaultImplementations.swift */ = {isa = PBXFileReference; lastKnownFileType = sourcecode.swift; path = DefaultImplementations.swift; sourceTree = "<group>"; };
		7B5F3AC72D255C4C0067258B /* GitHubSignupViewController1.swift */ = {isa = PBXFileReference; lastKnownFileType = sourcecode.swift; path = GitHubSignupViewController1.swift; sourceTree = "<group>"; };
		7B5F3AC82D255C4C0067258B /* GithubSignupViewModel1.swift */ = {isa = PBXFileReference; lastKnownFileType = sourcecode.swift; path = GithubSignupViewModel1.swift; sourceTree = "<group>"; };
		7B5F3AC92D255C4C0067258B /* Protocols.swift */ = {isa = PBXFileReference; lastKnownFileType = sourcecode.swift; path = Protocols.swift; sourceTree = "<group>"; };
		7B5F3ACB2D255C4C0067258B /* Singleton.swift */ = {isa = PBXFileReference; lastKnownFileType = sourcecode.swift; path = Singleton.swift; sourceTree = "<group>"; };
		7B5F3ACC2D255C4C0067258B /* TableViewController.swift */ = {isa = PBXFileReference; lastKnownFileType = sourcecode.swift; path = TableViewController.swift; sourceTree = "<group>"; };
		7B5F3ACD2D255C4C0067258B /* TestDatePickerViewController.swift */ = {isa = PBXFileReference; lastKnownFileType = sourcecode.swift; path = TestDatePickerViewController.swift; sourceTree = "<group>"; };
		7B5F3ACE2D255C4C0067258B /* TestGestureViewController.swift */ = {isa = PBXFileReference; lastKnownFileType = sourcecode.swift; path = TestGestureViewController.swift; sourceTree = "<group>"; };
		7B5F3ACF2D255C4C0067258B /* TestImageViewController.swift */ = {isa = PBXFileReference; lastKnownFileType = sourcecode.swift; path = TestImageViewController.swift; sourceTree = "<group>"; };
		7B5F3AD02D255C4C0067258B /* TestPickerViewController.swift */ = {isa = PBXFileReference; lastKnownFileType = sourcecode.swift; path = TestPickerViewController.swift; sourceTree = "<group>"; };
		7B5F3AD12D255C4C0067258B /* TestPublisherViewController.swift */ = {isa = PBXFileReference; lastKnownFileType = sourcecode.swift; path = TestPublisherViewController.swift; sourceTree = "<group>"; };
		7B5F3AD22D255C4C0067258B /* TestTextViewController.swift */ = {isa = PBXFileReference; lastKnownFileType = sourcecode.swift; path = TestTextViewController.swift; sourceTree = "<group>"; };
		7B5F3AD32D255C4C0067258B /* TestUIControlViewController.swift */ = {isa = PBXFileReference; lastKnownFileType = sourcecode.swift; path = TestUIControlViewController.swift; sourceTree = "<group>"; };
		7B5F3AD42D255C4C0067258B /* TestWebViewController.swift */ = {isa = PBXFileReference; lastKnownFileType = sourcecode.swift; path = TestWebViewController.swift; sourceTree = "<group>"; };
		8C539FCCC7F7D53ABA8B15BE /* Pods-CombineCocoaKit_Tests.debug.xcconfig */ = {isa = PBXFileReference; includeInIndex = 1; lastKnownFileType = text.xcconfig; name = "Pods-CombineCocoaKit_Tests.debug.xcconfig"; path = "Target Support Files/Pods-CombineCocoaKit_Tests/Pods-CombineCocoaKit_Tests.debug.xcconfig"; sourceTree = "<group>"; };
		AC042C551C94F96A2B47DD98 /* LICENSE */ = {isa = PBXFileReference; includeInIndex = 1; lastKnownFileType = text; name = LICENSE; path = ../LICENSE; sourceTree = "<group>"; };
		C6FF6357A98C15F8EF6B51A6 /* Pods-CombineCocoaKit_Example.release.xcconfig */ = {isa = PBXFileReference; includeInIndex = 1; lastKnownFileType = text.xcconfig; name = "Pods-CombineCocoaKit_Example.release.xcconfig"; path = "Target Support Files/Pods-CombineCocoaKit_Example/Pods-CombineCocoaKit_Example.release.xcconfig"; sourceTree = "<group>"; };
/* End PBXFileReference section */

/* Begin PBXFrameworksBuildPhase section */
		607FACCD1AFB9204008FA782 /* Frameworks */ = {
			isa = PBXFrameworksBuildPhase;
			buildActionMask = 2147483647;
			files = (
				AD081F55EDEEF4334F15C9E2 /* Pods_CombineCocoaKit_Example.framework in Frameworks */,
			);
			runOnlyForDeploymentPostprocessing = 0;
		};
		607FACE21AFB9204008FA782 /* Frameworks */ = {
			isa = PBXFrameworksBuildPhase;
			buildActionMask = 2147483647;
			files = (
				47404D3A56C525CD2B39CDB0 /* Pods_CombineCocoaKit_Tests.framework in Frameworks */,
			);
			runOnlyForDeploymentPostprocessing = 0;
		};
/* End PBXFrameworksBuildPhase section */

/* Begin PBXGroup section */
		607FACC71AFB9204008FA782 = {
			isa = PBXGroup;
			children = (
				607FACF51AFB993E008FA782 /* Podspec Metadata */,
				607FACD21AFB9204008FA782 /* Example for CombineCocoaKit */,
				607FACE81AFB9204008FA782 /* Tests */,
				607FACD11AFB9204008FA782 /* Products */,
				912305DB243F15F5FF0AC1C0 /* Pods */,
				D3FDB9A6D551EBE44D637574 /* Frameworks */,
			);
			sourceTree = "<group>";
		};
		607FACD11AFB9204008FA782 /* Products */ = {
			isa = PBXGroup;
			children = (
				607FACD01AFB9204008FA782 /* CombineCocoaKit_Example.app */,
				607FACE51AFB9204008FA782 /* CombineCocoaKit_Tests.xctest */,
			);
			name = Products;
			sourceTree = "<group>";
		};
		607FACD21AFB9204008FA782 /* Example for CombineCocoaKit */ = {
			isa = PBXGroup;
			children = (
				7B5F3AC02D255C4C0067258B /* Assets.xcassets */,
				7B5F3AC12D255C4C0067258B /* ImagePickerController.swift */,
				7B5F3AC22D255C4C0067258B /* LaunchScreen.storyboard */,
				7B5F3AC32D255C4C0067258B /* LoginViewModel.swift */,
				7B5F3AC42D255C4C0067258B /* SceneDelegate.swift */,
				7B5F3AC52D255C4C0067258B /* ScrollViewTestViewController.swift */,
				7B5F3ACA2D255C4C0067258B /* Signup */,
				7B5F3ACB2D255C4C0067258B /* Singleton.swift */,
				7B5F3ACC2D255C4C0067258B /* TableViewController.swift */,
				7B5F3ACD2D255C4C0067258B /* TestDatePickerViewController.swift */,
				7B5F3ACE2D255C4C0067258B /* TestGestureViewController.swift */,
				7B5F3ACF2D255C4C0067258B /* TestImageViewController.swift */,
				7B5F3AD02D255C4C0067258B /* TestPickerViewController.swift */,
				7B5F3AD12D255C4C0067258B /* TestPublisherViewController.swift */,
				7B5F3AD22D255C4C0067258B /* TestTextViewController.swift */,
				7B5F3AD32D255C4C0067258B /* TestUIControlViewController.swift */,
				7B5F3AD42D255C4C0067258B /* TestWebViewController.swift */,
				607FACD51AFB9204008FA782 /* AppDelegate.swift */,
				607FACD71AFB9204008FA782 /* ViewController.swift */,
				607FACD91AFB9204008FA782 /* Main.storyboard */,
				607FACD31AFB9204008FA782 /* Supporting Files */,
			);
			name = "Example for CombineCocoaKit";
			path = CombineCocoaKit;
			sourceTree = "<group>";
		};
		607FACD31AFB9204008FA782 /* Supporting Files */ = {
			isa = PBXGroup;
			children = (
				607FACD41AFB9204008FA782 /* Info.plist */,
			);
			name = "Supporting Files";
			sourceTree = "<group>";
		};
		607FACE81AFB9204008FA782 /* Tests */ = {
			isa = PBXGroup;
			children = (
				607FACE91AFB9204008FA782 /* Supporting Files */,
			);
			path = Tests;
			sourceTree = "<group>";
		};
		607FACE91AFB9204008FA782 /* Supporting Files */ = {
			isa = PBXGroup;
			children = (
				607FACEA1AFB9204008FA782 /* Info.plist */,
			);
			name = "Supporting Files";
			sourceTree = "<group>";
		};
		607FACF51AFB993E008FA782 /* Podspec Metadata */ = {
			isa = PBXGroup;
			children = (
				6B34D7ABB304B68F486F76D8 /* CombineCocoaKit.podspec */,
				54AFE8C7A26543566D5765E4 /* README.md */,
				AC042C551C94F96A2B47DD98 /* LICENSE */,
			);
			name = "Podspec Metadata";
			sourceTree = "<group>";
		};
		7B5F3ACA2D255C4C0067258B /* Signup */ = {
			isa = PBXGroup;
			children = (
				7B5F3AC62D255C4C0067258B /* DefaultImplementations.swift */,
				7B5F3AC72D255C4C0067258B /* GitHubSignupViewController1.swift */,
				7B5F3AC82D255C4C0067258B /* GithubSignupViewModel1.swift */,
				7B5F3AC92D255C4C0067258B /* Protocols.swift */,
			);
			path = Signup;
			sourceTree = "<group>";
		};
		912305DB243F15F5FF0AC1C0 /* Pods */ = {
			isa = PBXGroup;
			children = (
				0727061C399CEC2F50C40E60 /* Pods-CombineCocoaKit_Example.debug.xcconfig */,
				C6FF6357A98C15F8EF6B51A6 /* Pods-CombineCocoaKit_Example.release.xcconfig */,
				8C539FCCC7F7D53ABA8B15BE /* Pods-CombineCocoaKit_Tests.debug.xcconfig */,
				4B471C5DF9616E03EE7317CC /* Pods-CombineCocoaKit_Tests.release.xcconfig */,
			);
			path = Pods;
			sourceTree = "<group>";
		};
		D3FDB9A6D551EBE44D637574 /* Frameworks */ = {
			isa = PBXGroup;
			children = (
				4253E6C183974FBC113714C0 /* Pods_CombineCocoaKit_Example.framework */,
				314648A5695BDEA0FF7E6B74 /* Pods_CombineCocoaKit_Tests.framework */,
			);
			name = Frameworks;
			sourceTree = "<group>";
		};
/* End PBXGroup section */

/* Begin PBXNativeTarget section */
		607FACCF1AFB9204008FA782 /* CombineCocoaKit_Example */ = {
			isa = PBXNativeTarget;
			buildConfigurationList = 607FACEF1AFB9204008FA782 /* Build configuration list for PBXNativeTarget "CombineCocoaKit_Example" */;
			buildPhases = (
				2F7320E806F56C9A7891A10A /* [CP] Check Pods Manifest.lock */,
				607FACCC1AFB9204008FA782 /* Sources */,
				607FACCD1AFB9204008FA782 /* Frameworks */,
				607FACCE1AFB9204008FA782 /* Resources */,
				188196CB97CCB5A975D9AE1A /* [CP] Embed Pods Frameworks */,
			);
			buildRules = (
			);
			dependencies = (
			);
			name = CombineCocoaKit_Example;
			productName = CombineCocoaKit;
			productReference = 607FACD01AFB9204008FA782 /* CombineCocoaKit_Example.app */;
			productType = "com.apple.product-type.application";
		};
		607FACE41AFB9204008FA782 /* CombineCocoaKit_Tests */ = {
			isa = PBXNativeTarget;
			buildConfigurationList = 607FACF21AFB9204008FA782 /* Build configuration list for PBXNativeTarget "CombineCocoaKit_Tests" */;
			buildPhases = (
				CDFBADCD893A7500D58612F2 /* [CP] Check Pods Manifest.lock */,
				607FACE11AFB9204008FA782 /* Sources */,
				607FACE21AFB9204008FA782 /* Frameworks */,
				607FACE31AFB9204008FA782 /* Resources */,
			);
			buildRules = (
			);
			dependencies = (
				607FACE71AFB9204008FA782 /* PBXTargetDependency */,
			);
			name = CombineCocoaKit_Tests;
			productName = Tests;
			productReference = 607FACE51AFB9204008FA782 /* CombineCocoaKit_Tests.xctest */;
			productType = "com.apple.product-type.bundle.unit-test";
		};
/* End PBXNativeTarget section */

/* Begin PBXProject section */
		607FACC81AFB9204008FA782 /* Project object */ = {
			isa = PBXProject;
			attributes = {
				LastSwiftUpdateCheck = 0830;
				LastUpgradeCheck = 0830;
				ORGANIZATIONNAME = CocoaPods;
				TargetAttributes = {
					607FACCF1AFB9204008FA782 = {
						CreatedOnToolsVersion = 6.3.1;
						LastSwiftMigration = 0900;
					};
					607FACE41AFB9204008FA782 = {
						CreatedOnToolsVersion = 6.3.1;
						LastSwiftMigration = 0900;
						TestTargetID = 607FACCF1AFB9204008FA782;
					};
				};
			};
			buildConfigurationList = 607FACCB1AFB9204008FA782 /* Build configuration list for PBXProject "CombineCocoaKit" */;
			compatibilityVersion = "Xcode 3.2";
			developmentRegion = English;
			hasScannedForEncodings = 0;
			knownRegions = (
				English,
				en,
				Base,
			);
			mainGroup = 607FACC71AFB9204008FA782;
			productRefGroup = 607FACD11AFB9204008FA782 /* Products */;
			projectDirPath = "";
			projectRoot = "";
			targets = (
				607FACCF1AFB9204008FA782 /* CombineCocoaKit_Example */,
				607FACE41AFB9204008FA782 /* CombineCocoaKit_Tests */,
			);
		};
/* End PBXProject section */

/* Begin PBXResourcesBuildPhase section */
		607FACCE1AFB9204008FA782 /* Resources */ = {
			isa = PBXResourcesBuildPhase;
			buildActionMask = 2147483647;
			files = (
				607FACDB1AFB9204008FA782 /* Main.storyboard in Resources */,
				7B5F3AE72D255C4C0067258B /* Assets.xcassets in Resources */,
				7B5F3AE82D255C4C0067258B /* LaunchScreen.storyboard in Resources */,
			);
			runOnlyForDeploymentPostprocessing = 0;
		};
		607FACE31AFB9204008FA782 /* Resources */ = {
			isa = PBXResourcesBuildPhase;
			buildActionMask = 2147483647;
			files = (
			);
			runOnlyForDeploymentPostprocessing = 0;
		};
/* End PBXResourcesBuildPhase section */

/* Begin PBXShellScriptBuildPhase section */
		188196CB97CCB5A975D9AE1A /* [CP] Embed Pods Frameworks */ = {
			isa = PBXShellScriptBuildPhase;
			buildActionMask = 2147483647;
			files = (
			);
			inputPaths = (
				"${PODS_ROOT}/Target Support Files/Pods-CombineCocoaKit_Example/Pods-CombineCocoaKit_Example-frameworks.sh",
				"${BUILT_PRODUCTS_DIR}/CombineCocoaKit/CombineCocoaKit.framework",
				"${BUILT_PRODUCTS_DIR}/SnapKit/SnapKit.framework",
			);
			name = "[CP] Embed Pods Frameworks";
			outputPaths = (
				"${TARGET_BUILD_DIR}/${FRAMEWORKS_FOLDER_PATH}/CombineCocoaKit.framework",
				"${TARGET_BUILD_DIR}/${FRAMEWORKS_FOLDER_PATH}/SnapKit.framework",
			);
			runOnlyForDeploymentPostprocessing = 0;
			shellPath = /bin/sh;
			shellScript = "\"${PODS_ROOT}/Target Support Files/Pods-CombineCocoaKit_Example/Pods-CombineCocoaKit_Example-frameworks.sh\"\n";
			showEnvVarsInLog = 0;
		};
		2F7320E806F56C9A7891A10A /* [CP] Check Pods Manifest.lock */ = {
			isa = PBXShellScriptBuildPhase;
			buildActionMask = 2147483647;
			files = (
			);
			inputFileListPaths = (
			);
			inputPaths = (
				"${PODS_PODFILE_DIR_PATH}/Podfile.lock",
				"${PODS_ROOT}/Manifest.lock",
			);
			name = "[CP] Check Pods Manifest.lock";
			outputFileListPaths = (
			);
			outputPaths = (
				"$(DERIVED_FILE_DIR)/Pods-CombineCocoaKit_Example-checkManifestLockResult.txt",
			);
			runOnlyForDeploymentPostprocessing = 0;
			shellPath = /bin/sh;
			shellScript = "diff \"${PODS_PODFILE_DIR_PATH}/Podfile.lock\" \"${PODS_ROOT}/Manifest.lock\" > /dev/null\nif [ $? != 0 ] ; then\n    # print error to STDERR\n    echo \"error: The sandbox is not in sync with the Podfile.lock. Run 'pod install' or update your CocoaPods installation.\" >&2\n    exit 1\nfi\n# This output is used by Xcode 'outputs' to avoid re-running this script phase.\necho \"SUCCESS\" > \"${SCRIPT_OUTPUT_FILE_0}\"\n";
			showEnvVarsInLog = 0;
		};
		CDFBADCD893A7500D58612F2 /* [CP] Check Pods Manifest.lock */ = {
			isa = PBXShellScriptBuildPhase;
			buildActionMask = 2147483647;
			files = (
			);
			inputFileListPaths = (
			);
			inputPaths = (
				"${PODS_PODFILE_DIR_PATH}/Podfile.lock",
				"${PODS_ROOT}/Manifest.lock",
			);
			name = "[CP] Check Pods Manifest.lock";
			outputFileListPaths = (
			);
			outputPaths = (
				"$(DERIVED_FILE_DIR)/Pods-CombineCocoaKit_Tests-checkManifestLockResult.txt",
			);
			runOnlyForDeploymentPostprocessing = 0;
			shellPath = /bin/sh;
			shellScript = "diff \"${PODS_PODFILE_DIR_PATH}/Podfile.lock\" \"${PODS_ROOT}/Manifest.lock\" > /dev/null\nif [ $? != 0 ] ; then\n    # print error to STDERR\n    echo \"error: The sandbox is not in sync with the Podfile.lock. Run 'pod install' or update your CocoaPods installation.\" >&2\n    exit 1\nfi\n# This output is used by Xcode 'outputs' to avoid re-running this script phase.\necho \"SUCCESS\" > \"${SCRIPT_OUTPUT_FILE_0}\"\n";
			showEnvVarsInLog = 0;
		};
/* End PBXShellScriptBuildPhase section */

/* Begin PBXSourcesBuildPhase section */
		607FACCC1AFB9204008FA782 /* Sources */ = {
			isa = PBXSourcesBuildPhase;
			buildActionMask = 2147483647;
			files = (
				7B5F3AD52D255C4C0067258B /* DefaultImplementations.swift in Sources */,
				7B5F3AD62D255C4C0067258B /* GithubSignupViewModel1.swift in Sources */,
				7B5F3AD72D255C4C0067258B /* ImagePickerController.swift in Sources */,
				7B5F3AD82D255C4C0067258B /* Protocols.swift in Sources */,
				7B5F3AD92D255C4C0067258B /* TestImageViewController.swift in Sources */,
				7B5F3ADA2D255C4C0067258B /* TestDatePickerViewController.swift in Sources */,
				7B5F3ADB2D255C4C0067258B /* TestWebViewController.swift in Sources */,
				7B5F3ADC2D255C4C0067258B /* LoginViewModel.swift in Sources */,
				7B5F3ADD2D255C4C0067258B /* TestPickerViewController.swift in Sources */,
				7B5F3ADE2D255C4C0067258B /* TestTextViewController.swift in Sources */,
				7B5F3ADF2D255C4C0067258B /* SceneDelegate.swift in Sources */,
				7B5F3AE02D255C4C0067258B /* TableViewController.swift in Sources */,
				7B5F3AE12D255C4C0067258B /* ScrollViewTestViewController.swift in Sources */,
				7B5F3AE22D255C4C0067258B /* TestUIControlViewController.swift in Sources */,
				7B5F3AE32D255C4C0067258B /* GitHubSignupViewController1.swift in Sources */,
				7B5F3AE42D255C4C0067258B /* Singleton.swift in Sources */,
				7B5F3AE52D255C4C0067258B /* TestGestureViewController.swift in Sources */,
				7B5F3AE62D255C4C0067258B /* TestPublisherViewController.swift in Sources */,
				607FACD81AFB9204008FA782 /* ViewController.swift in Sources */,
				607FACD61AFB9204008FA782 /* AppDelegate.swift in Sources */,
			);
			runOnlyForDeploymentPostprocessing = 0;
		};
		607FACE11AFB9204008FA782 /* Sources */ = {
			isa = PBXSourcesBuildPhase;
			buildActionMask = 2147483647;
			files = (
			);
			runOnlyForDeploymentPostprocessing = 0;
		};
/* End PBXSourcesBuildPhase section */

/* Begin PBXTargetDependency section */
		607FACE71AFB9204008FA782 /* PBXTargetDependency */ = {
			isa = PBXTargetDependency;
			target = 607FACCF1AFB9204008FA782 /* CombineCocoaKit_Example */;
			targetProxy = 607FACE61AFB9204008FA782 /* PBXContainerItemProxy */;
		};
/* End PBXTargetDependency section */

/* Begin PBXVariantGroup section */
		607FACD91AFB9204008FA782 /* Main.storyboard */ = {
			isa = PBXVariantGroup;
			children = (
				607FACDA1AFB9204008FA782 /* Base */,
			);
			name = Main.storyboard;
			sourceTree = "<group>";
		};
/* End PBXVariantGroup section */

/* Begin XCBuildConfiguration section */
		607FACED1AFB9204008FA782 /* Debug */ = {
			isa = XCBuildConfiguration;
			buildSettings = {
				ALWAYS_SEARCH_USER_PATHS = NO;
				CLANG_CXX_LANGUAGE_STANDARD = "gnu++0x";
				CLANG_CXX_LIBRARY = "libc++";
				CLANG_ENABLE_MODULES = YES;
				CLANG_ENABLE_OBJC_ARC = YES;
				CLANG_WARN_BLOCK_CAPTURE_AUTORELEASING = YES;
				CLANG_WARN_BOOL_CONVERSION = YES;
				CLANG_WARN_COMMA = YES;
				CLANG_WARN_CONSTANT_CONVERSION = YES;
				CLANG_WARN_DIRECT_OBJC_ISA_USAGE = YES_ERROR;
				CLANG_WARN_EMPTY_BODY = YES;
				CLANG_WARN_ENUM_CONVERSION = YES;
				CLANG_WARN_INFINITE_RECURSION = YES;
				CLANG_WARN_INT_CONVERSION = YES;
				CLANG_WARN_NON_LITERAL_NULL_CONVERSION = YES;
				CLANG_WARN_OBJC_LITERAL_CONVERSION = YES;
				CLANG_WARN_OBJC_ROOT_CLASS = YES_ERROR;
				CLANG_WARN_RANGE_LOOP_ANALYSIS = YES;
				CLANG_WARN_STRICT_PROTOTYPES = YES;
				CLANG_WARN_SUSPICIOUS_MOVE = YES;
				CLANG_WARN_UNREACHABLE_CODE = YES;
				CLANG_WARN__DUPLICATE_METHOD_MATCH = YES;
				"CODE_SIGN_IDENTITY[sdk=iphoneos*]" = "iPhone Developer";
				COPY_PHASE_STRIP = NO;
				DEBUG_INFORMATION_FORMAT = "dwarf-with-dsym";
				ENABLE_STRICT_OBJC_MSGSEND = YES;
				ENABLE_TESTABILITY = YES;
				GCC_C_LANGUAGE_STANDARD = gnu99;
				GCC_DYNAMIC_NO_PIC = NO;
				GCC_NO_COMMON_BLOCKS = YES;
				GCC_OPTIMIZATION_LEVEL = 0;
				GCC_PREPROCESSOR_DEFINITIONS = (
					"DEBUG=1",
					"$(inherited)",
				);
				GCC_SYMBOLS_PRIVATE_EXTERN = NO;
				GCC_WARN_64_TO_32_BIT_CONVERSION = YES;
				GCC_WARN_ABOUT_RETURN_TYPE = YES_ERROR;
				GCC_WARN_UNDECLARED_SELECTOR = YES;
				GCC_WARN_UNINITIALIZED_AUTOS = YES_AGGRESSIVE;
				GCC_WARN_UNUSED_FUNCTION = YES;
				GCC_WARN_UNUSED_VARIABLE = YES;
				IPHONEOS_DEPLOYMENT_TARGET = 9.3;
				MTL_ENABLE_DEBUG_INFO = YES;
				ONLY_ACTIVE_ARCH = YES;
				SDKROOT = iphoneos;
				SWIFT_OPTIMIZATION_LEVEL = "-Onone";
			};
			name = Debug;
		};
		607FACEE1AFB9204008FA782 /* Release */ = {
			isa = XCBuildConfiguration;
			buildSettings = {
				ALWAYS_SEARCH_USER_PATHS = NO;
				CLANG_CXX_LANGUAGE_STANDARD = "gnu++0x";
				CLANG_CXX_LIBRARY = "libc++";
				CLANG_ENABLE_MODULES = YES;
				CLANG_ENABLE_OBJC_ARC = YES;
				CLANG_WARN_BLOCK_CAPTURE_AUTORELEASING = YES;
				CLANG_WARN_BOOL_CONVERSION = YES;
				CLANG_WARN_COMMA = YES;
				CLANG_WARN_CONSTANT_CONVERSION = YES;
				CLANG_WARN_DIRECT_OBJC_ISA_USAGE = YES_ERROR;
				CLANG_WARN_EMPTY_BODY = YES;
				CLANG_WARN_ENUM_CONVERSION = YES;
				CLANG_WARN_INFINITE_RECURSION = YES;
				CLANG_WARN_INT_CONVERSION = YES;
				CLANG_WARN_NON_LITERAL_NULL_CONVERSION = YES;
				CLANG_WARN_OBJC_LITERAL_CONVERSION = YES;
				CLANG_WARN_OBJC_ROOT_CLASS = YES_ERROR;
				CLANG_WARN_RANGE_LOOP_ANALYSIS = YES;
				CLANG_WARN_STRICT_PROTOTYPES = YES;
				CLANG_WARN_SUSPICIOUS_MOVE = YES;
				CLANG_WARN_UNREACHABLE_CODE = YES;
				CLANG_WARN__DUPLICATE_METHOD_MATCH = YES;
				"CODE_SIGN_IDENTITY[sdk=iphoneos*]" = "iPhone Developer";
				COPY_PHASE_STRIP = NO;
				DEBUG_INFORMATION_FORMAT = "dwarf-with-dsym";
				ENABLE_NS_ASSERTIONS = NO;
				ENABLE_STRICT_OBJC_MSGSEND = YES;
				GCC_C_LANGUAGE_STANDARD = gnu99;
				GCC_NO_COMMON_BLOCKS = YES;
				GCC_WARN_64_TO_32_BIT_CONVERSION = YES;
				GCC_WARN_ABOUT_RETURN_TYPE = YES_ERROR;
				GCC_WARN_UNDECLARED_SELECTOR = YES;
				GCC_WARN_UNINITIALIZED_AUTOS = YES_AGGRESSIVE;
				GCC_WARN_UNUSED_FUNCTION = YES;
				GCC_WARN_UNUSED_VARIABLE = YES;
				IPHONEOS_DEPLOYMENT_TARGET = 9.3;
				MTL_ENABLE_DEBUG_INFO = NO;
				SDKROOT = iphoneos;
				SWIFT_OPTIMIZATION_LEVEL = "-Owholemodule";
				VALIDATE_PRODUCT = YES;
			};
			name = Release;
		};
		607FACF01AFB9204008FA782 /* Debug */ = {
			isa = XCBuildConfiguration;
			baseConfigurationReference = 0727061C399CEC2F50C40E60 /* Pods-CombineCocoaKit_Example.debug.xcconfig */;
			buildSettings = {
				ASSETCATALOG_COMPILER_APPICON_NAME = AppIcon;
				INFOPLIST_FILE = CombineCocoaKit/Info.plist;
				IPHONEOS_DEPLOYMENT_TARGET = 13.0;
				LD_RUNPATH_SEARCH_PATHS = "$(inherited) @executable_path/Frameworks";
				MODULE_NAME = ExampleApp;
				PRODUCT_BUNDLE_IDENTIFIER = "org.cocoapods.demo.$(PRODUCT_NAME:rfc1034identifier)";
				PRODUCT_NAME = "$(TARGET_NAME)";
				SWIFT_SWIFT3_OBJC_INFERENCE = Default;
				SWIFT_VERSION = 5.0;
			};
			name = Debug;
		};
		607FACF11AFB9204008FA782 /* Release */ = {
			isa = XCBuildConfiguration;
			baseConfigurationReference = C6FF6357A98C15F8EF6B51A6 /* Pods-CombineCocoaKit_Example.release.xcconfig */;
			buildSettings = {
				ASSETCATALOG_COMPILER_APPICON_NAME = AppIcon;
				INFOPLIST_FILE = CombineCocoaKit/Info.plist;
				IPHONEOS_DEPLOYMENT_TARGET = 13.0;
				LD_RUNPATH_SEARCH_PATHS = "$(inherited) @executable_path/Frameworks";
				MODULE_NAME = ExampleApp;
				PRODUCT_BUNDLE_IDENTIFIER = "org.cocoapods.demo.$(PRODUCT_NAME:rfc1034identifier)";
				PRODUCT_NAME = "$(TARGET_NAME)";
				SWIFT_SWIFT3_OBJC_INFERENCE = Default;
				SWIFT_VERSION = 5.0;
			};
			name = Release;
		};
		607FACF31AFB9204008FA782 /* Debug */ = {
			isa = XCBuildConfiguration;
			baseConfigurationReference = 8C539FCCC7F7D53ABA8B15BE /* Pods-CombineCocoaKit_Tests.debug.xcconfig */;
			buildSettings = {
				FRAMEWORK_SEARCH_PATHS = (
					"$(PLATFORM_DIR)/Developer/Library/Frameworks",
					"$(inherited)",
				);
				GCC_PREPROCESSOR_DEFINITIONS = (
					"DEBUG=1",
					"$(inherited)",
				);
				INFOPLIST_FILE = Tests/Info.plist;
				IPHONEOS_DEPLOYMENT_TARGET = 13.0;
				LD_RUNPATH_SEARCH_PATHS = "$(inherited) @executable_path/Frameworks @loader_path/Frameworks";
				PRODUCT_BUNDLE_IDENTIFIER = "org.cocoapods.$(PRODUCT_NAME:rfc1034identifier)";
				PRODUCT_NAME = "$(TARGET_NAME)";
				SWIFT_SWIFT3_OBJC_INFERENCE = Default;
				SWIFT_VERSION = 5.0;
				TEST_HOST = "$(BUILT_PRODUCTS_DIR)/CombineCocoaKit_Example.app/CombineCocoaKit_Example";
			};
			name = Debug;
		};
		607FACF41AFB9204008FA782 /* Release */ = {
			isa = XCBuildConfiguration;
			baseConfigurationReference = 4B471C5DF9616E03EE7317CC /* Pods-CombineCocoaKit_Tests.release.xcconfig */;
			buildSettings = {
				FRAMEWORK_SEARCH_PATHS = (
					"$(PLATFORM_DIR)/Developer/Library/Frameworks",
					"$(inherited)",
				);
				INFOPLIST_FILE = Tests/Info.plist;
				IPHONEOS_DEPLOYMENT_TARGET = 13.0;
				LD_RUNPATH_SEARCH_PATHS = "$(inherited) @executable_path/Frameworks @loader_path/Frameworks";
				PRODUCT_BUNDLE_IDENTIFIER = "org.cocoapods.$(PRODUCT_NAME:rfc1034identifier)";
				PRODUCT_NAME = "$(TARGET_NAME)";
				SWIFT_SWIFT3_OBJC_INFERENCE = Default;
				SWIFT_VERSION = 5.0;
				TEST_HOST = "$(BUILT_PRODUCTS_DIR)/CombineCocoaKit_Example.app/CombineCocoaKit_Example";
			};
			name = Release;
		};
/* End XCBuildConfiguration section */

/* Begin XCConfigurationList section */
		607FACCB1AFB9204008FA782 /* Build configuration list for PBXProject "CombineCocoaKit" */ = {
			isa = XCConfigurationList;
			buildConfigurations = (
				607FACED1AFB9204008FA782 /* Debug */,
				607FACEE1AFB9204008FA782 /* Release */,
			);
			defaultConfigurationIsVisible = 0;
			defaultConfigurationName = Release;
		};
		607FACEF1AFB9204008FA782 /* Build configuration list for PBXNativeTarget "CombineCocoaKit_Example" */ = {
			isa = XCConfigurationList;
			buildConfigurations = (
				607FACF01AFB9204008FA782 /* Debug */,
				607FACF11AFB9204008FA782 /* Release */,
			);
			defaultConfigurationIsVisible = 0;
			defaultConfigurationName = Release;
		};
		607FACF21AFB9204008FA782 /* Build configuration list for PBXNativeTarget "CombineCocoaKit_Tests" */ = {
			isa = XCConfigurationList;
			buildConfigurations = (
				607FACF31AFB9204008FA782 /* Debug */,
				607FACF41AFB9204008FA782 /* Release */,
			);
			defaultConfigurationIsVisible = 0;
			defaultConfigurationName = Release;
		};
/* End XCConfigurationList section */
	};
	rootObject = 607FACC81AFB9204008FA782 /* Project object */;
}
